Microsoft Visual Studio Solution File, Format Version 12.00
# Visual Studio Version 17
VisualStudioVersion = 17.14.35906.104
MinimumVisualStudioVersion = 10.0.40219.1
Project("{888888A0-9F3D-457C-B088-3A5042F75D52}") = "AcademicCollabProject", "AcademicCollabProject\AcademicCollabProject.pyproj", "{4687E959-F307-40EC-80A0-5AEF6987D1AC}"
EndProject
Global
	GlobalSection(SolutionConfigurationPlatforms) = preSolution
		Debug|Any CPU = Debug|Any CPU
		Release|Any CPU = Release|Any CPU
	EndGlobalSection
	GlobalSection(ProjectConfigurationPlatforms) = postSolution
		{4687E959-F307-40EC-80A0-5AEF6987D1AC}.Debug|Any CPU.ActiveCfg = Debug|Any CPU
		{4687E959-F307-40EC-80A0-5AEF6987D1AC}.Release|Any CPU.ActiveCfg = Release|Any CPU
	EndGlobalSection
	GlobalSection(SolutionProperties) = preSolution
		HideSolutionNode = FALSE
	EndGlobalSection
	GlobalSection(ExtensibilityGlobals) = postSolution
		SolutionGuid = {80CD81F5-7068-406B-A4DF-9414CB6E61F5}
	EndGlobalSection
EndGlobal
